{
  "name": "neptune-pluto",
  "lockfileVersion": 3,
  "requires": true,
  "packages": {
    "": {
      "devDependencies": {
        "@types/dat.gui": "^0.7.13",
        "spacekit.js": "^0.1.1"
      }
    },
    "node_modules/@types/dat.gui": {
      "version": "0.7.13",
      "resolved": "https://registry.npmjs.org/@types/dat.gui/-/dat.gui-0.7.13.tgz",
      "integrity": "sha512-LmG4Pr0mbsB/1WVttf8xaHx45BvSBDGY5D9+0/9AZCbI4vvOguwBHZdKyJMxt5Yst8+icRSHKmr7ClV2u5ZtDA==",
      "dev": true,
      "license": "MIT"
    },
    "node_modules/julian": {
      "version": "0.2.0",
      "resolved": "https://registry.npmjs.org/julian/-/julian-0.2.0.tgz",
      "integrity": "sha512-rpBcYy7SiT9ogHfxcJQDLycCVGx7nTvAbu0wm3dVnpY71P7asAFT5oOOLrlsDqQYS6qenhE/NHfhtMR7AQqWSQ==",
      "dev": true,
      "license": "MIT"
    },
    "node_modules/postprocessing": {
      "version": "6.38.2",
      "resolved": "https://registry.npmjs.org/postprocessing/-/postprocessing-6.38.2.tgz",
      "integrity": "sha512-7DwuT7Tkst41ZjSj287g7C9c5/D3Xx5rMgBosg0dadbUPoZD2HNzkadKPol1d2PJAoI9f+Jeh1/v9YfLzpFGVw==",
      "dev": true,
      "license": "Zlib",
      "peerDependencies": {
        "three": ">= 0.157.0 < 0.183.0"
      }
    },
    "node_modules/spacekit.js": {
      "version": "0.1.1",
      "resolved": "https://registry.npmjs.org/spacekit.js/-/spacekit.js-0.1.1.tgz",
      "integrity": "sha512-JnZWYT2GOmBFX8CXvTpDjc7GlyZxYokjmMDkoQSvIc/9myjSo8KGGICq1Mr4XDoG5NH4CGk2flkEhB16jshiSg==",
      "dev": true,
      "license": "MIT",
      "dependencies": {
        "julian": "^0.2.0",
        "postprocessing": "^6.29.0",
        "three": "0.135.0"
      }
    },
    "node_modules/spacekit.js/node_modules/three": {
      "version": "0.135.0",
      "resolved": "https://registry.npmjs.org/three/-/three-0.135.0.tgz",
      "integrity": "sha512-kuEpuuxRzLv0MDsXai9huCxOSQPZ4vje6y0gn80SRmQvgz6/+rI0NAvCRAw56zYaWKMGMfqKWsxF9Qa2Z9xymQ==",
      "dev": true,
      "license": "MIT"
    },
    "node_modules/three": {
      "version": "0.182.0",
      "resolved": "https://registry.npmjs.org/three/-/three-0.182.0.tgz",
      "integrity": "sha512-GbHabT+Irv+ihI1/f5kIIsZ+Ef9Sl5A1Y7imvS5RQjWgtTPfPnZ43JmlYI7NtCRDK9zir20lQpfg8/9Yd02OvQ==",
      "dev": true,
      "license": "MIT",
      "peer": true
    }
  }
}
